// !$*UTF8*$!
{
	archiveVersion = 1;
	classes = {
	};
	objectVersion = 50;
	objects = {

/* Begin PBXBuildFile section */
		6AA29C482206D5720032CB4F /* AppDelegate.swift in Sources */ = {isa = PBXBuildFile; fileRef = 6AA29C472206D5720032CB4F /* AppDelegate.swift */; };
		6AA29C4A2206D5720032CB4F /* ViewController.swift in Sources */ = {isa = PBXBuildFile; fileRef = 6AA29C492206D5720032CB4F /* ViewController.swift */; };
		6AA29C4D2206D5720032CB4F /* Main.storyboard in Resources */ = {isa = PBXBuildFile; fileRef = 6AA29C4B2206D5720032CB4F /* Main.storyboard */; };
		6AA29C502206D5720032CB4F /* _D_Carousel.xcdatamodeld in Sources */ = {isa = PBXBuildFile; fileRef = 6AA29C4E2206D5720032CB4F /* _D_Carousel.xcdatamodeld */; };
		6AA29C522206D5730032CB4F /* Assets.xcassets in Resources */ = {isa = PBXBuildFile; fileRef = 6AA29C512206D5730032CB4F /* Assets.xcassets */; };
		6AA29C552206D5730032CB4F /* LaunchScreen.storyboard in Resources */ = {isa = PBXBuildFile; fileRef = 6AA29C532206D5730032CB4F /* LaunchScreen.storyboard */; };
		6ADF48952207B8C000AA929E /* 3D Carousel.gif in Resources */ = {isa = PBXBuildFile; fileRef = 6ADF48942207B8C000AA929E /* 3D Carousel.gif */; };
/* End PBXBuildFile section */

/* Begin PBXFileReference section */
		6AA29C442206D5720032CB4F /* 3D Carousel.app */ = {isa = PBXFileReference; explicitFileType = wrapper.application; includeInIndex = 0; path = "3D Carousel.app"; sourceTree = BUILT_PRODUCTS_DIR; };
		6AA29C472206D5720032CB4F /* AppDelegate.swift */ = {isa = PBXFileReference; lastKnownFileType = sourcecode.swift; path = AppDelegate.swift; sourceTree = "<group>"; };
		6AA29C492206D5720032CB4F /* ViewController.swift */ = {isa = PBXFileReference; lastKnownFileType = sourcecode.swift; path = ViewController.swift; sourceTree = "<group>"; };
		6AA29C4C2206D5720032CB4F /* Base */ = {isa = PBXFileReference; lastKnownFileType = file.storyboard; name = Base; path = Base.lproj/Main.storyboard; sourceTree = "<group>"; };
		6AA29C4F2206D5720032CB4F /* _D_Carousel.xcdatamodel */ = {isa = PBXFileReference; lastKnownFileType = wrapper.xcdatamodel; path = _D_Carousel.xcdatamodel; sourceTree = "<group>"; };
		6AA29C512206D5730032CB4F /* Assets.xcassets */ = {isa = PBXFileReference; lastKnownFileType = folder.assetcatalog; path = Assets.xcassets; sourceTree = "<group>"; };
		6AA29C542206D5730032CB4F /* Base */ = {isa = PBXFileReference; lastKnownFileType = file.storyboard; name = Base; path = Base.lproj/LaunchScreen.storyboard; sourceTree = "<group>"; };
		6AA29C562206D5730032CB4F /* Info.plist */ = {isa = PBXFileReference; lastKnownFileType = text.plist.xml; path = Info.plist; sourceTree = "<group>"; };
		6ADF48942207B8C000AA929E /* 3D Carousel.gif */ = {isa = PBXFileReference; lastKnownFileType = image.gif; name = "3D Carousel.gif"; path = "../../../../Desktop/3D Carousel.gif"; sourceTree = "<group>"; };
/* End PBXFileReference section */

/* Begin PBXFrameworksBuildPhase section */
		6AA29C412206D5720032CB4F /* Frameworks */ = {
			isa = PBXFrameworksBuildPhase;
			buildActionMask = 2147483647;
			files = (
			);
			runOnlyForDeploymentPostprocessing = 0;
		};
/* End PBXFrameworksBuildPhase section */

/* Begin PBXGroup section */
		6AA29C3B2206D5720032CB4F = {
			isa = PBXGroup;
			children = (
				6AA29C462206D5720032CB4F /* 3D Carousel */,
				6AA29C452206D5720032CB4F /* Products */,
			);
			sourceTree = "<group>";
		};
		6AA29C452206D5720032CB4F /* Products */ = {
			isa = PBXGroup;
			children = (
				6AA29C442206D5720032CB4F /* 3D Carousel.app */,
			);
			name = Products;
			sourceTree = "<group>";
		};
		6AA29C462206D5720032CB4F /* 3D Carousel */ = {
			isa = PBXGroup;
			children = (
				6AA29C472206D5720032CB4F /* AppDelegate.swift */,
				6AA29C492206D5720032CB4F /* ViewController.swift */,
				6AA29C4B2206D5720032CB4F /* Main.storyboard */,
				6AA29C512206D5730032CB4F /* Assets.xcassets */,
				6ADF48942207B8C000AA929E /* 3D Carousel.gif */,
				6AA29C532206D5730032CB4F /* LaunchScreen.storyboard */,
				6AA29C562206D5730032CB4F /* Info.plist */,
				6AA29C4E2206D5720032CB4F /* _D_Carousel.xcdatamodeld */,
			);
			path = "3D Carousel";
			sourceTree = "<group>";
		};
/* End PBXGroup section */

/* Begin PBXNativeTarget section */
		6AA29C432206D5720032CB4F /* 3D Carousel */ = {
			isa = PBXNativeTarget;
			buildConfigurationList = 6AA29C592206D5730032CB4F /* Build configuration list for PBXNativeTarget "3D Carousel" */;
			buildPhases = (
				6AA29C402206D5720032CB4F /* Sources */,
				6AA29C412206D5720032CB4F /* Frameworks */,
				6AA29C422206D5720032CB4F /* Resources */,
			);
			buildRules = (
			);
			dependencies = (
			);
			name = "3D Carousel";
			productName = "3D Carousel";
			productReference = 6AA29C442206D5720032CB4F /* 3D Carousel.app */;
			productType = "com.apple.product-type.application";
		};
/* End PBXNativeTarget section */

/* Begin PBXProject section */
		6AA29C3C2206D5720032CB4F /* Project object */ = {
			isa = PBXProject;
			attributes = {
				LastSwiftUpdateCheck = 1010;
				LastUpgradeCheck = 1010;
				ORGANIZATIONNAME = "Nolan Fuchs";
				TargetAttributes = {
					6AA29C432206D5720032CB4F = {
						CreatedOnToolsVersion = 10.1;
					};
				};
			};
			buildConfigurationList = 6AA29C3F2206D5720032CB4F /* Build configuration list for PBXProject "3D Carousel" */;
			compatibilityVersion = "Xcode 9.3";
			developmentRegion = en;
			hasScannedForEncodings = 0;
			knownRegions = (
				en,
				Base,
			);
			mainGroup = 6AA29C3B2206D5720032CB4F;
			productRefGroup = 6AA29C452206D5720032CB4F /* Products */;
			projectDirPath = "";
			projectRoot = "";
			targets = (
				6AA29C432206D5720032CB4F /* 3D Carousel */,
			);
		};
/* End PBXProject section */

/* Begin PBXResourcesBuildPhase section */
		6AA29C422206D5720032CB4F /* Resources */ = {
			isa = PBXResourcesBuildPhase;
			buildActionMask = 2147483647;
			files = (
				6ADF48952207B8C000AA929E /* 3D Carousel.gif in Resources */,
				6AA29C552206D5730032CB4F /* LaunchScreen.storyboard in Resources */,
				6AA29C522206D5730032CB4F /* Assets.xcassets in Resources */,
				6AA29C4D2206D5720032CB4F /* Main.storyboard in Resources */,
			);
			runOnlyForDeploymentPostprocessing = 0;
		};
/* End PBXResourcesBuildPhase section */

/* Begin PBXSourcesBuildPhase section */
		6AA29C402206D5720032CB4F /* Sources */ = {
			isa = PBXSourcesBuildPhase;
			buildActionMask = 2147483647;
			files = (
				6AA29C502206D5720032CB4F /* _D_Carousel.xcdatamodeld in Sources */,
				6AA29C4A2206D5720032CB4F /* ViewController.swift in Sources */,
				6AA29C482206D5720032CB4F /* AppDelegate.swift in Sources */,
			);
			runOnlyForDeploymentPostprocessing = 0;
		};
/* End PBXSourcesBuildPhase section */

/* Begin PBXVariantGroup section */
		6AA29C4B2206D5720032CB4F /* Main.storyboard */ = {
			isa = PBXVariantGroup;
			children = (
				6AA29C4C2206D5720032CB4F /* Base */,
			);
			name = Main.storyboard;
			sourceTree = "<group>";
		};
		6AA29C532206D5730032CB4F /* LaunchScreen.storyboard */ = {
			isa = PBXVariantGroup;
			children = (
				6AA29C542206D5730032CB4F /* Base */,
			);
			name = LaunchScreen.storyboard;
			sourceTree = "<group>";
		};
/* End PBXVariantGroup section */

/* Begin XCBuildConfiguration section */
		6AA29C572206D5730032CB4F /* Debug */ = {
			isa = XCBuildConfiguration;
			buildSettings = {
				ALWAYS_SEARCH_USER_PATHS = NO;
				CLANG_ANALYZER_NONNULL = YES;
				CLANG_ANALYZER_NUMBER_OBJECT_CONVERSION = YES_AGGRESSIVE;
				CLANG_CXX_LANGUAGE_STANDARD = "gnu++14";
				CLANG_CXX_LIBRARY = "libc++";
				CLANG_ENABLE_MODULES = YES;
				CLANG_ENABLE_OBJC_ARC = YES;
				CLANG_ENABLE_OBJC_WEAK = YES;
				CLANG_WARN_BLOCK_CAPTURE_AUTORELEASING = YES;
				CLANG_WARN_BOOL_CONVERSION = YES;
				CLANG_WARN_COMMA = YES;
				CLANG_WARN_CONSTANT_CONVERSION = YES;
				CLANG_WARN_DEPRECATED_OBJC_IMPLEMENTATIONS = YES;
				CLANG_WARN_DIRECT_OBJC_ISA_USAGE = YES_ERROR;
				CLANG_WARN_DOCUMENTATION_COMMENTS = YES;
				CLANG_WARN_EMPTY_BODY = YES;
				CLANG_WARN_ENUM_CONVERSION = YES;
				CLANG_WARN_INFINITE_RECURSION = YES;
				CLANG_WARN_INT_CONVERSION = YES;
				CLANG_WARN_NON_LITERAL_NULL_CONVERSION = YES;
				CLANG_WARN_OBJC_IMPLICIT_RETAIN_SELF = YES;
				CLANG_WARN_OBJC_LITERAL_CONVERSION = YES;
				CLANG_WARN_OBJC_ROOT_CLASS = YES_ERROR;
				CLANG_WARN_RANGE_LOOP_ANALYSIS = YES;
				CLANG_WARN_STRICT_PROTOTYPES = YES;
				CLANG_WARN_SUSPICIOUS_MOVE = YES;
				CLANG_WARN_UNGUARDED_AVAILABILITY = YES_AGGRESSIVE;
				CLANG_WARN_UNREACHABLE_CODE = YES;
				CLANG_WARN__DUPLICATE_METHOD_MATCH = YES;
				CODE_SIGN_IDENTITY = "iPhone Developer";
				COPY_PHASE_STRIP = NO;
				DEBUG_INFORMATION_FORMAT = dwarf;
				ENABLE_STRICT_OBJC_MSGSEND = YES;
				ENABLE_TESTABILITY = YES;
				GCC_C_LANGUAGE_STANDARD = gnu11;
				GCC_DYNAMIC_NO_PIC = NO;
				GCC_NO_COMMON_BLOCKS = YES;
				GCC_OPTIMIZATION_LEVEL = 0;
				GCC_PREPROCESSOR_DEFINITIONS = (
					"DEBUG=1",
					"$(inherited)",
				);
				GCC_WARN_64_TO_32_BIT_CONVERSION = YES;
				GCC_WARN_ABOUT_RETURN_TYPE = YES_ERROR;
				GCC_WARN_UNDECLARED_SELECTOR = YES;
				GCC_WARN_UNINITIALIZED_AUTOS = YES_AGGRESSIVE;
				GCC_WARN_UNUSED_FUNCTION = YES;
				GCC_WARN_UNUSED_VARIABLE = YES;
				IPHONEOS_DEPLOYMENT_TARGET = 12.1;
				MTL_ENABLE_DEBUG_INFO = INCLUDE_SOURCE;
				MTL_FAST_MATH = YES;
				ONLY_ACTIVE_ARCH = YES;
				SDKROOT = iphoneos;
				SWIFT_ACTIVE_COMPILATION_CONDITIONS = DEBUG;
				SWIFT_OPTIMIZATION_LEVEL = "-Onone";
			};
			name = Debug;
		};
		6AA29C582206D5730032CB4F /* Release */ = {
			isa = XCBuildConfiguration;
			buildSettings = {
				ALWAYS_SEARCH_USER_PATHS = NO;
				CLANG_ANALYZER_NONNULL = YES;
				CLANG_ANALYZER_NUMBER_OBJECT_CONVERSION = YES_AGGRESSIVE;
				CLANG_CXX_LANGUAGE_STANDARD = "gnu++14";
				CLANG_CXX_LIBRARY = "libc++";
				CLANG_ENABLE_MODULES = YES;
				CLANG_ENABLE_OBJC_ARC = YES;
				CLANG_ENABLE_OBJC_WEAK = YES;
				CLANG_WARN_BLOCK_CAPTURE_AUTORELEASING = YES;
				CLANG_WARN_BOOL_CONVERSION = YES;
				CLANG_WARN_COMMA = YES;
				CLANG_WARN_CONSTANT_CONVERSION = YES;
				CLANG_WARN_DEPRECATED_OBJC_IMPLEMENTATIONS = YES;
				CLANG_WARN_DIRECT_OBJC_ISA_USAGE = YES_ERROR;
				CLANG_WARN_DOCUMENTATION_COMMENTS = YES;
				CLANG_WARN_EMPTY_BODY = YES;
				CLANG_WARN_ENUM_CONVERSION = YES;
				CLANG_WARN_INFINITE_RECURSION = YES;
				CLANG_WARN_INT_CONVERSION = YES;
				CLANG_WARN_NON_LITERAL_NULL_CONVERSION = YES;
				CLANG_WARN_OBJC_IMPLICIT_RETAIN_SELF = YES;
				CLANG_WARN_OBJC_LITERAL_CONVERSION = YES;
				CLANG_WARN_OBJC_ROOT_CLASS = YES_ERROR;
				CLANG_WARN_RANGE_LOOP_ANALYSIS = YES;
				CLANG_WARN_STRICT_PROTOTYPES = YES;
				CLANG_WARN_SUSPICIOUS_MOVE = YES;
				CLANG_WARN_UNGUARDED_AVAILABILITY = YES_AGGRESSIVE;
				CLANG_WARN_UNREACHABLE_CODE = YES;
				CLANG_WARN__DUPLICATE_METHOD_MATCH = YES;
				CODE_SIGN_IDENTITY = "iPhone Developer";
				COPY_PHASE_STRIP = NO;
				DEBUG_INFORMATION_FORMAT = "dwarf-with-dsym";
				ENABLE_NS_ASSERTIONS = NO;
				ENABLE_STRICT_OBJC_MSGSEND = YES;
				GCC_C_LANGUAGE_STANDARD = gnu11;
				GCC_NO_COMMON_BLOCKS = YES;
				GCC_WARN_64_TO_32_BIT_CONVERSION = YES;
				GCC_WARN_ABOUT_RETURN_TYPE = YES_ERROR;
				GCC_WARN_UNDECLARED_SELECTOR = YES;
				GCC_WARN_UNINITIALIZED_AUTOS = YES_AGGRESSIVE;
				GCC_WARN_UNUSED_FUNCTION = YES;
				GCC_WARN_UNUSED_VARIABLE = YES;
				IPHONEOS_DEPLOYMENT_TARGET = 12.1;
				MTL_ENABLE_DEBUG_INFO = NO;
				MTL_FAST_MATH = YES;
				SDKROOT = iphoneos;
				SWIFT_COMPILATION_MODE = wholemodule;
				SWIFT_OPTIMIZATION_LEVEL = "-O";
				VALIDATE_PRODUCT = YES;
			};
			name = Release;
		};
		6AA29C5A2206D5730032CB4F /* Debug */ = {
			isa = XCBuildConfiguration;
			buildSettings = {
				ASSETCATALOG_COMPILER_APPICON_NAME = AppIcon;
				CODE_SIGN_STYLE = Automatic;
				DEVELOPMENT_TEAM = J9S8P7XX49;
				INFOPLIST_FILE = "3D Carousel/Info.plist";
				LD_RUNPATH_SEARCH_PATHS = (
					"$(inherited)",
					"@executable_path/Frameworks",
				);
				PRODUCT_BUNDLE_IDENTIFIER = "com.NolanFuchs.-D-Carousel";
				PRODUCT_NAME = "$(TARGET_NAME)";
				SWIFT_VERSION = 4.2;
				TARGETED_DEVICE_FAMILY = 1;
			};
			name = Debug;
		};
		6AA29C5B2206D5730032CB4F /* Release */ = {
			isa = XCBuildConfiguration;
			buildSettings = {
				ASSETCATALOG_COMPILER_APPICON_NAME = AppIcon;
				CODE_SIGN_STYLE = Automatic;
				DEVELOPMENT_TEAM = J9S8P7XX49;
				INFOPLIST_FILE = "3D Carousel/Info.plist";
				LD_RUNPATH_SEARCH_PATHS = (
					"$(inherited)",
					"@executable_path/Frameworks",
				);
				PRODUCT_BUNDLE_IDENTIFIER = "com.NolanFuchs.-D-Carousel";
				PRODUCT_NAME = "$(TARGET_NAME)";
				SWIFT_VERSION = 4.2;
				TARGETED_DEVICE_FAMILY = 1;
			};
			name = Release;
		};
/* End XCBuildConfiguration section */

/* Begin XCConfigurationList section */
		6AA29C3F2206D5720032CB4F /* Build configuration list for PBXProject "3D Carousel" */ = {
			isa = XCConfigurationList;
			buildConfigurations = (
				6AA29C572206D5730032CB4F /* Debug */,
				6AA29C582206D5730032CB4F /* Release */,
			);
			defaultConfigurationIsVisible = 0;
			defaultConfigurationName = Release;
		};
		6AA29C592206D5730032CB4F /* Build configuration list for PBXNativeTarget "3D Carousel" */ = {
			isa = XCConfigurationList;
			buildConfigurations = (
				6AA29C5A2206D5730032CB4F /* Debug */,
				6AA29C5B2206D5730032CB4F /* Release */,
			);
			defaultConfigurationIsVisible = 0;
			defaultConfigurationName = Release;
		};
/* End XCConfigurationList section */

/* Begin XCVersionGroup section */
		6AA29C4E2206D5720032CB4F /* _D_Carousel.xcdatamodeld */ = {
			isa = XCVersionGroup;
			children = (
				6AA29C4F2206D5720032CB4F /* _D_Carousel.xcdatamodel */,
			);
			currentVersion = 6AA29C4F2206D5720032CB4F /* _D_Carousel.xcdatamodel */;
			path = _D_Carousel.xcdatamodeld;
			sourceTree = "<group>";
			versionGroupType = wrapper.xcdatamodel;
		};
/* End XCVersionGroup section */
	};
	rootObject = 6AA29C3C2206D5720032CB4F /* Project object */;
}
